<?xml version="1.0" encoding="utf-8"?>
<Project ToolsVersion="4.0" xmlns="http://schemas.microsoft.com/developer/msbuild/2003">
  <ItemGroup>
    <ClCompile Include="CentipedeGame.cpp" />
    <ClCompile Include="CentipedeSegment.cpp" />
    <ClCompile Include="Flea.cpp" />
    <ClCompile Include="GameObject.cpp" />
    <ClCompile Include="Mushroom.cpp" />
    <ClCompile Include="Player.cpp" />
    <ClCompile Include="Scorpion.cpp" />
    <ClCompile Include="Spider.cpp" />
    <ClCompile Include="main.cpp" />
  </ItemGroup>
  <ItemGroup>
    <ClInclude Include="CentipedeGame.h" />
    <ClInclude Include="CentipedeSegment.h" />
    <ClInclude Include="Flea.h" />
    <ClInclude Include="GameObject.h" />
    <ClInclude Include="Mushroom.h" />
    <ClInclude Include="Player.h" />
    <ClInclude Include="Scorpion.h" />
    <ClInclude Include="Spider.h" />
  </ItemGroup>
</Project>